
Microsoft Visual Studio Solution File, Format Version 12.00
# Visual Studio Version 17
VisualStudioVersion = 17.7.34031.279
MinimumVisualStudioVersion = 10.0.40219.1
Project("{8BC9CEB8-8B4A-11D0-8D11-00A0C91BC942}") = "template_testing", "template_testing.vcxproj", "{4EADE111-AB96-4826-881D-A31EE016A10E}"
EndProject
Global
	GlobalSection(SolutionConfigurationPlatforms) = preSolution
		Debug|x64 = Debug|x64
		Debug|x86 = Debug|x86
		Release|x64 = Release|x64
		Release|x86 = Release|x86
	EndGlobalSection
	GlobalSection(ProjectConfigurationPlatforms) = postSolution
		{4EADE111-AB96-4826-881D-A31EE016A10E}.Debug|x64.ActiveCfg = Debug|x64
		{4EADE111-AB96-4826-881D-A31EE016A10E}.Debug|x64.Build.0 = Debug|x64
		{4EADE111-AB96-4826-881D-A31EE016A10E}.Debug|x86.ActiveCfg = Debug|Win32
		{4EADE111-AB96-4826-881D-A31EE016A10E}.Debug|x86.Build.0 = Debug|Win32
		{4EADE111-AB96-4826-881D-A31EE016A10E}.Release|x64.ActiveCfg = Release|x64
		{4EADE111-AB96-4826-881D-A31EE016A10E}.Release|x64.Build.0 = Release|x64
		{4EADE111-AB96-4826-881D-A31EE016A10E}.Release|x86.ActiveCfg = Release|Win32
		{4EADE111-AB96-4826-881D-A31EE016A10E}.Release|x86.Build.0 = Release|Win32
	EndGlobalSection
	GlobalSection(SolutionProperties) = preSolution
		HideSolutionNode = FALSE
	EndGlobalSection
	GlobalSection(ExtensibilityGlobals) = postSolution
		SolutionGuid = {89426750-95D1-4B2B-9C94-564FA8922968}
	EndGlobalSection
EndGlobal
